
Microsoft Visual Studio Solution File, Format Version 12.00
# Visual Studio Version 17
VisualStudioVersion = 17.9.34616.47
MinimumVisualStudioVersion = 10.0.40219.1
Project("{FAE04EC0-301F-11D3-BF4B-00C04F79EFBC}") = "Salvaqua", "Salvaqua.csproj", "{839467F1-B70F-43B2-B666-72DA2D0D73FE}"
EndProject
Global
	GlobalSection(SolutionConfigurationPlatforms) = preSolution
		Debug|Any CPU = Debug|Any CPU
		Release|Any CPU = Release|Any CPU
	EndGlobalSection
	GlobalSection(ProjectConfigurationPlatforms) = postSolution
		{839467F1-B70F-43B2-B666-72DA2D0D73FE}.Debug|Any CPU.ActiveCfg = Debug|Any CPU
		{839467F1-B70F-43B2-B666-72DA2D0D73FE}.Debug|Any CPU.Build.0 = Debug|Any CPU
		{839467F1-B70F-43B2-B666-72DA2D0D73FE}.Release|Any CPU.ActiveCfg = Release|Any CPU
		{839467F1-B70F-43B2-B666-72DA2D0D73FE}.Release|Any CPU.Build.0 = Release|Any CPU
	EndGlobalSection
	GlobalSection(SolutionProperties) = preSolution
		HideSolutionNode = FALSE
	EndGlobalSection
	GlobalSection(ExtensibilityGlobals) = postSolution
		SolutionGuid = {DB96DE86-99F8-417C-9415-525EF98BC917}
	EndGlobalSection
EndGlobal
